
Microsoft Visual Studio Solution File, Format Version 12.00
# Visual Studio Version 16
VisualStudioVersion = 16.0.30011.22
MinimumVisualStudioVersion = 10.0.40219.1
Project("{9A19103F-16F7-4668-BE54-9A1E7A4F7556}") = "BGT.Domain", "BGT.Domain\BGT.Domain.csproj", "{3EE2FFC5-C397-4F64-BD6E-0808017200FF}"
EndProject
Project("{9A19103F-16F7-4668-BE54-9A1E7A4F7556}") = "BGT.Application", "BGT.Application\BGT.Application.csproj", "{734A1276-DF63-48FC-AFEE-4B584600C296}"
EndProject
Project("{9A19103F-16F7-4668-BE54-9A1E7A4F7556}") = "BGT.Infrastructure", "BGT.Infrastructure\BGT.Infrastructure.csproj", "{1F1C38BF-A90A-40F3-ACF0-66624FD187FE}"
EndProject
Project("{2150E333-8FDC-42A3-9474-1A3956D46DE8}") = "Core", "Core", "{2A8B2F4C-858D-48AB-AF84-E91044EDCECF}"
EndProject
Project("{2150E333-8FDC-42A3-9474-1A3956D46DE8}") = "UI", "UI", "{670DDFEB-D395-4AA0-A34A-3FE2AEEE9863}"
EndProject
Project("{2150E333-8FDC-42A3-9474-1A3956D46DE8}") = "Tests", "Tests", "{19E39EE3-304D-484D-9BEA-713100C3FAA2}"
EndProject
Project("{9A19103F-16F7-4668-BE54-9A1E7A4F7556}") = "BGT.Domain.UnitTests", "BGT.Domain.UnitTests\BGT.Domain.UnitTests.csproj", "{6EE12B21-1066-43FE-B309-B2872F5FF144}"
EndProject
Project("{9A19103F-16F7-4668-BE54-9A1E7A4F7556}") = "BGT.Application.UnitTests", "BGT.Application.UnitTests\BGT.Application.UnitTests.csproj", "{622E51AC-8907-4B91-BDD8-733474930EA5}"
EndProject
Project("{9A19103F-16F7-4668-BE54-9A1E7A4F7556}") = "BGT.Infrastructure.IntegrationTests", "BGT.Infrastructure.IntegrationTests\BGT.Infrastructure.IntegrationTests.csproj", "{8AED0AAE-18BE-46CB-8193-A2C4E565CD17}"
EndProject
Project("{2150E333-8FDC-42A3-9474-1A3956D46DE8}") = "BGG API", "BGG API", "{403F6D75-28B7-4DA9-ADBA-D0FDC76FF712}"
EndProject
Project("{9A19103F-16F7-4668-BE54-9A1E7A4F7556}") = "BGT.BGG.Extractor", "BGT.BGGExtractor\BGT.BGG.Extractor.csproj", "{A1FA8D6E-DFF4-45C7-93E3-608B235A724A}"
EndProject
Project("{9A19103F-16F7-4668-BE54-9A1E7A4F7556}") = "BGT.BGG.Domain", "BGT.BGG.Domain\BGT.BGG.Domain.csproj", "{A4B40D36-E4F5-44EF-B1CF-C5450D24BB3F}"
EndProject
Project("{9A19103F-16F7-4668-BE54-9A1E7A4F7556}") = "BGT.BGG.API", "BGT.BGG.API\BGT.BGG.API.csproj", "{63DCAFBE-BA74-485B-802F-61743C116B84}"
EndProject
Project("{2150E333-8FDC-42A3-9474-1A3956D46DE8}") = "BGG Tests", "BGG Tests", "{761377AE-11E9-4AAC-804C-A4B1107DEA10}"
EndProject
Project("{9A19103F-16F7-4668-BE54-9A1E7A4F7556}") = "BGT.BGG.Extractor.IntegrationTests", "BGT.BGG.Extractor.Tests\BGT.BGG.Extractor.IntegrationTests.csproj", "{A86C5066-EB96-403F-9715-D270F117B104}"
EndProject
Project("{FAE04EC0-301F-11D3-BF4B-00C04F79EFBC}") = "BGT.BGG.API.UnitTests", "BGT.BGG.API.UnitTests\BGT.BGG.API.UnitTests.csproj", "{C4ACADAC-3F53-442F-8D50-87A391535136}"
EndProject
Project("{FAE04EC0-301F-11D3-BF4B-00C04F79EFBC}") = "BGT.BGG.Extractor.UnitTests", "BGT.BGG.Extractor.UnitTests\BGT.BGG.Extractor.UnitTests.csproj", "{BB77ACD8-460B-40EE-BF15-28623DC1D736}"
EndProject
Global
	GlobalSection(SolutionConfigurationPlatforms) = preSolution
		Debug|Any CPU = Debug|Any CPU
		Release|Any CPU = Release|Any CPU
	EndGlobalSection
	GlobalSection(ProjectConfigurationPlatforms) = postSolution
		{3EE2FFC5-C397-4F64-BD6E-0808017200FF}.Debug|Any CPU.ActiveCfg = Debug|Any CPU
		{3EE2FFC5-C397-4F64-BD6E-0808017200FF}.Debug|Any CPU.Build.0 = Debug|Any CPU
		{3EE2FFC5-C397-4F64-BD6E-0808017200FF}.Release|Any CPU.ActiveCfg = Release|Any CPU
		{3EE2FFC5-C397-4F64-BD6E-0808017200FF}.Release|Any CPU.Build.0 = Release|Any CPU
		{734A1276-DF63-48FC-AFEE-4B584600C296}.Debug|Any CPU.ActiveCfg = Debug|Any CPU
		{734A1276-DF63-48FC-AFEE-4B584600C296}.Debug|Any CPU.Build.0 = Debug|Any CPU
		{734A1276-DF63-48FC-AFEE-4B584600C296}.Release|Any CPU.ActiveCfg = Release|Any CPU
		{734A1276-DF63-48FC-AFEE-4B584600C296}.Release|Any CPU.Build.0 = Release|Any CPU
		{1F1C38BF-A90A-40F3-ACF0-66624FD187FE}.Debug|Any CPU.ActiveCfg = Debug|Any CPU
		{1F1C38BF-A90A-40F3-ACF0-66624FD187FE}.Debug|Any CPU.Build.0 = Debug|Any CPU
		{1F1C38BF-A90A-40F3-ACF0-66624FD187FE}.Release|Any CPU.ActiveCfg = Release|Any CPU
		{1F1C38BF-A90A-40F3-ACF0-66624FD187FE}.Release|Any CPU.Build.0 = Release|Any CPU
		{6EE12B21-1066-43FE-B309-B2872F5FF144}.Debug|Any CPU.ActiveCfg = Debug|Any CPU
		{6EE12B21-1066-43FE-B309-B2872F5FF144}.Debug|Any CPU.Build.0 = Debug|Any CPU
		{6EE12B21-1066-43FE-B309-B2872F5FF144}.Release|Any CPU.ActiveCfg = Release|Any CPU
		{6EE12B21-1066-43FE-B309-B2872F5FF144}.Release|Any CPU.Build.0 = Release|Any CPU
		{622E51AC-8907-4B91-BDD8-733474930EA5}.Debug|Any CPU.ActiveCfg = Debug|Any CPU
		{622E51AC-8907-4B91-BDD8-733474930EA5}.Debug|Any CPU.Build.0 = Debug|Any CPU
		{622E51AC-8907-4B91-BDD8-733474930EA5}.Release|Any CPU.ActiveCfg = Release|Any CPU
		{622E51AC-8907-4B91-BDD8-733474930EA5}.Release|Any CPU.Build.0 = Release|Any CPU
		{8AED0AAE-18BE-46CB-8193-A2C4E565CD17}.Debug|Any CPU.ActiveCfg = Debug|Any CPU
		{8AED0AAE-18BE-46CB-8193-A2C4E565CD17}.Debug|Any CPU.Build.0 = Debug|Any CPU
		{8AED0AAE-18BE-46CB-8193-A2C4E565CD17}.Release|Any CPU.ActiveCfg = Release|Any CPU
		{8AED0AAE-18BE-46CB-8193-A2C4E565CD17}.Release|Any CPU.Build.0 = Release|Any CPU
		{A1FA8D6E-DFF4-45C7-93E3-608B235A724A}.Debug|Any CPU.ActiveCfg = Debug|Any CPU
		{A1FA8D6E-DFF4-45C7-93E3-608B235A724A}.Debug|Any CPU.Build.0 = Debug|Any CPU
		{A1FA8D6E-DFF4-45C7-93E3-608B235A724A}.Release|Any CPU.ActiveCfg = Release|Any CPU
		{A1FA8D6E-DFF4-45C7-93E3-608B235A724A}.Release|Any CPU.Build.0 = Release|Any CPU
		{A4B40D36-E4F5-44EF-B1CF-C5450D24BB3F}.Debug|Any CPU.ActiveCfg = Debug|Any CPU
		{A4B40D36-E4F5-44EF-B1CF-C5450D24BB3F}.Debug|Any CPU.Build.0 = Debug|Any CPU
		{A4B40D36-E4F5-44EF-B1CF-C5450D24BB3F}.Release|Any CPU.ActiveCfg = Release|Any CPU
		{A4B40D36-E4F5-44EF-B1CF-C5450D24BB3F}.Release|Any CPU.Build.0 = Release|Any CPU
		{63DCAFBE-BA74-485B-802F-61743C116B84}.Debug|Any CPU.ActiveCfg = Debug|Any CPU
		{63DCAFBE-BA74-485B-802F-61743C116B84}.Debug|Any CPU.Build.0 = Debug|Any CPU
		{63DCAFBE-BA74-485B-802F-61743C116B84}.Release|Any CPU.ActiveCfg = Release|Any CPU
		{63DCAFBE-BA74-485B-802F-61743C116B84}.Release|Any CPU.Build.0 = Release|Any CPU
		{A86C5066-EB96-403F-9715-D270F117B104}.Debug|Any CPU.ActiveCfg = Debug|Any CPU
		{A86C5066-EB96-403F-9715-D270F117B104}.Debug|Any CPU.Build.0 = Debug|Any CPU
		{A86C5066-EB96-403F-9715-D270F117B104}.Release|Any CPU.ActiveCfg = Release|Any CPU
		{A86C5066-EB96-403F-9715-D270F117B104}.Release|Any CPU.Build.0 = Release|Any CPU
		{C4ACADAC-3F53-442F-8D50-87A391535136}.Debug|Any CPU.ActiveCfg = Debug|Any CPU
		{C4ACADAC-3F53-442F-8D50-87A391535136}.Debug|Any CPU.Build.0 = Debug|Any CPU
		{C4ACADAC-3F53-442F-8D50-87A391535136}.Release|Any CPU.ActiveCfg = Release|Any CPU
		{C4ACADAC-3F53-442F-8D50-87A391535136}.Release|Any CPU.Build.0 = Release|Any CPU
		{BB77ACD8-460B-40EE-BF15-28623DC1D736}.Debug|Any CPU.ActiveCfg = Debug|Any CPU
		{BB77ACD8-460B-40EE-BF15-28623DC1D736}.Debug|Any CPU.Build.0 = Debug|Any CPU
		{BB77ACD8-460B-40EE-BF15-28623DC1D736}.Release|Any CPU.ActiveCfg = Release|Any CPU
		{BB77ACD8-460B-40EE-BF15-28623DC1D736}.Release|Any CPU.Build.0 = Release|Any CPU
	EndGlobalSection
	GlobalSection(SolutionProperties) = preSolution
		HideSolutionNode = FALSE
	EndGlobalSection
	GlobalSection(NestedProjects) = preSolution
		{3EE2FFC5-C397-4F64-BD6E-0808017200FF} = {2A8B2F4C-858D-48AB-AF84-E91044EDCECF}
		{734A1276-DF63-48FC-AFEE-4B584600C296} = {2A8B2F4C-858D-48AB-AF84-E91044EDCECF}
		{1F1C38BF-A90A-40F3-ACF0-66624FD187FE} = {2A8B2F4C-858D-48AB-AF84-E91044EDCECF}
		{6EE12B21-1066-43FE-B309-B2872F5FF144} = {19E39EE3-304D-484D-9BEA-713100C3FAA2}
		{622E51AC-8907-4B91-BDD8-733474930EA5} = {19E39EE3-304D-484D-9BEA-713100C3FAA2}
		{8AED0AAE-18BE-46CB-8193-A2C4E565CD17} = {19E39EE3-304D-484D-9BEA-713100C3FAA2}
		{A1FA8D6E-DFF4-45C7-93E3-608B235A724A} = {403F6D75-28B7-4DA9-ADBA-D0FDC76FF712}
		{A4B40D36-E4F5-44EF-B1CF-C5450D24BB3F} = {403F6D75-28B7-4DA9-ADBA-D0FDC76FF712}
		{63DCAFBE-BA74-485B-802F-61743C116B84} = {403F6D75-28B7-4DA9-ADBA-D0FDC76FF712}
		{761377AE-11E9-4AAC-804C-A4B1107DEA10} = {403F6D75-28B7-4DA9-ADBA-D0FDC76FF712}
		{A86C5066-EB96-403F-9715-D270F117B104} = {761377AE-11E9-4AAC-804C-A4B1107DEA10}
		{C4ACADAC-3F53-442F-8D50-87A391535136} = {761377AE-11E9-4AAC-804C-A4B1107DEA10}
		{BB77ACD8-460B-40EE-BF15-28623DC1D736} = {761377AE-11E9-4AAC-804C-A4B1107DEA10}
	EndGlobalSection
	GlobalSection(ExtensibilityGlobals) = postSolution
		SolutionGuid = {5A4161F3-5CE2-44D8-8C4F-C5FE47822391}
	EndGlobalSection
EndGlobal
